
Microsoft Visual Studio Solution File, Format Version 12.00
# Visual Studio 15
VisualStudioVersion = 15.0.28307.572
MinimumVisualStudioVersion = 10.0.40219.1
Project("{FAE04EC0-301F-11D3-BF4B-00C04F79EFBC}") = "WPAppServTCP", "WPAppServTCP\WPAppServTCP.csproj", "{72703237-F07B-4F83-97DB-60C4EFC165C9}"
EndProject
Global
	GlobalSection(SolutionConfigurationPlatforms) = preSolution
		Debug|Any CPU = Debug|Any CPU
		Release|Any CPU = Release|Any CPU
	EndGlobalSection
	GlobalSection(ProjectConfigurationPlatforms) = postSolution
		{72703237-F07B-4F83-97DB-60C4EFC165C9}.Debug|Any CPU.ActiveCfg = Debug|Any CPU
		{72703237-F07B-4F83-97DB-60C4EFC165C9}.Debug|Any CPU.Build.0 = Debug|Any CPU
		{72703237-F07B-4F83-97DB-60C4EFC165C9}.Release|Any CPU.ActiveCfg = Release|Any CPU
		{72703237-F07B-4F83-97DB-60C4EFC165C9}.Release|Any CPU.Build.0 = Release|Any CPU
	EndGlobalSection
	GlobalSection(SolutionProperties) = preSolution
		HideSolutionNode = FALSE
	EndGlobalSection
	GlobalSection(ExtensibilityGlobals) = postSolution
		SolutionGuid = {0CF2FBF0-000A-4919-A918-E7C644338C0A}
	EndGlobalSection
EndGlobal
